
Microsoft Visual Studio Solution File, Format Version 12.00
# Visual Studio Version 16
VisualStudioVersion = 16.0.30907.101
MinimumVisualStudioVersion = 10.0.40219.1
Project("{9A19103F-16F7-4668-BE54-9A1E7A4F7556}") = "MiPrimeraSolucion", "MiPrimeraSolucion\MiPrimeraSolucion.csproj", "{0FE39649-AE33-4D06-AD81-9D83C72B1BBC}"
EndProject
Project("{9A19103F-16F7-4668-BE54-9A1E7A4F7556}") = "Calculadora.BL", "Calculadora.BL\Calculadora.BL.csproj", "{5FD688AE-49CE-4DCF-96C2-C5E810BFBAF5}"
EndProject
Project("{9A19103F-16F7-4668-BE54-9A1E7A4F7556}") = "Topicos.NorthWnd.Model", "Topicos.NorthWnd.Model\Topicos.NorthWnd.Model.csproj", "{9041EA14-D3FE-4CA0-8BC9-3021BBC49738}"
EndProject
Project("{FAE04EC0-301F-11D3-BF4B-00C04F79EFBC}") = "Topicos.NorthWnd.BL", "Topicos.NorthWnd.BL\Topicos.NorthWnd.BL.csproj", "{3D2A113B-F6DE-4039-839A-DAB46520F886}"
EndProject
Global
	GlobalSection(SolutionConfigurationPlatforms) = preSolution
		Debug|Any CPU = Debug|Any CPU
		Release|Any CPU = Release|Any CPU
	EndGlobalSection
	GlobalSection(ProjectConfigurationPlatforms) = postSolution
		{0FE39649-AE33-4D06-AD81-9D83C72B1BBC}.Debug|Any CPU.ActiveCfg = Debug|Any CPU
		{0FE39649-AE33-4D06-AD81-9D83C72B1BBC}.Debug|Any CPU.Build.0 = Debug|Any CPU
		{0FE39649-AE33-4D06-AD81-9D83C72B1BBC}.Release|Any CPU.ActiveCfg = Release|Any CPU
		{0FE39649-AE33-4D06-AD81-9D83C72B1BBC}.Release|Any CPU.Build.0 = Release|Any CPU
		{5FD688AE-49CE-4DCF-96C2-C5E810BFBAF5}.Debug|Any CPU.ActiveCfg = Debug|Any CPU
		{5FD688AE-49CE-4DCF-96C2-C5E810BFBAF5}.Debug|Any CPU.Build.0 = Debug|Any CPU
		{5FD688AE-49CE-4DCF-96C2-C5E810BFBAF5}.Release|Any CPU.ActiveCfg = Release|Any CPU
		{5FD688AE-49CE-4DCF-96C2-C5E810BFBAF5}.Release|Any CPU.Build.0 = Release|Any CPU
		{9041EA14-D3FE-4CA0-8BC9-3021BBC49738}.Debug|Any CPU.ActiveCfg = Debug|Any CPU
		{9041EA14-D3FE-4CA0-8BC9-3021BBC49738}.Debug|Any CPU.Build.0 = Debug|Any CPU
		{9041EA14-D3FE-4CA0-8BC9-3021BBC49738}.Release|Any CPU.ActiveCfg = Release|Any CPU
		{9041EA14-D3FE-4CA0-8BC9-3021BBC49738}.Release|Any CPU.Build.0 = Release|Any CPU
		{3D2A113B-F6DE-4039-839A-DAB46520F886}.Debug|Any CPU.ActiveCfg = Debug|Any CPU
		{3D2A113B-F6DE-4039-839A-DAB46520F886}.Debug|Any CPU.Build.0 = Debug|Any CPU
		{3D2A113B-F6DE-4039-839A-DAB46520F886}.Release|Any CPU.ActiveCfg = Release|Any CPU
		{3D2A113B-F6DE-4039-839A-DAB46520F886}.Release|Any CPU.Build.0 = Release|Any CPU
	EndGlobalSection
	GlobalSection(SolutionProperties) = preSolution
		HideSolutionNode = FALSE
	EndGlobalSection
	GlobalSection(ExtensibilityGlobals) = postSolution
		SolutionGuid = {05A8AAE9-2FFE-4601-9796-13E8F787C627}
	EndGlobalSection
EndGlobal
